
Microsoft Visual Studio Solution File, Format Version 12.00
# Visual Studio Version 16
VisualStudioVersion = 16.0.30320.27
MinimumVisualStudioVersion = 10.0.40219.1
Project("{FAE04EC0-301F-11D3-BF4B-00C04F79EFBC}") = "Ejercicios", "Ejercicios\Ejercicios.csproj", "{38E428A9-91E6-4662-BD11-AB5355365B42}"
EndProject
Global
	GlobalSection(SolutionConfigurationPlatforms) = preSolution
		Debug|Any CPU = Debug|Any CPU
		Release|Any CPU = Release|Any CPU
	EndGlobalSection
	GlobalSection(ProjectConfigurationPlatforms) = postSolution
		{38E428A9-91E6-4662-BD11-AB5355365B42}.Debug|Any CPU.ActiveCfg = Debug|Any CPU
		{38E428A9-91E6-4662-BD11-AB5355365B42}.Debug|Any CPU.Build.0 = Debug|Any CPU
		{38E428A9-91E6-4662-BD11-AB5355365B42}.Release|Any CPU.ActiveCfg = Release|Any CPU
		{38E428A9-91E6-4662-BD11-AB5355365B42}.Release|Any CPU.Build.0 = Release|Any CPU
	EndGlobalSection
	GlobalSection(SolutionProperties) = preSolution
		HideSolutionNode = FALSE
	EndGlobalSection
	GlobalSection(ExtensibilityGlobals) = postSolution
		SolutionGuid = {BF3942BA-E333-4F59-A6B9-A9BFDBB2F9B9}
	EndGlobalSection
EndGlobal
